
Microsoft Visual Studio Solution File, Format Version 12.00
# Visual Studio Version 17
VisualStudioVersion = 17.1.32127.271
MinimumVisualStudioVersion = 10.0.40219.1
Project("{FAE04EC0-301F-11D3-BF4B-00C04F79EFBC}") = "ppedv.BooksManager.Model", "ppedv.BooksManager.Model\ppedv.BooksManager.Model.csproj", "{4C48B393-4CA0-40AE-8ABC-ADF7D40B3645}"
EndProject
Project("{FAE04EC0-301F-11D3-BF4B-00C04F79EFBC}") = "ppedv.BooksManager.Data.Ef", "ppedv.BooksManager.Data.Ef\ppedv.BooksManager.Data.Ef.csproj", "{4B0E360F-1F49-4E8D-886D-32200520A6DD}"
EndProject
Project("{FAE04EC0-301F-11D3-BF4B-00C04F79EFBC}") = "ppedv.BooksManager.Data.Ef.Tests", "ppedv.BooksManager.Data.Ef.Tests\ppedv.BooksManager.Data.Ef.Tests.csproj", "{E304CE1E-6966-4178-97F5-13810DDCC49D}"
EndProject
Project("{FAE04EC0-301F-11D3-BF4B-00C04F79EFBC}") = "ppedv.BooksManager.Logic", "ppedv.BooksManager.Logic\ppedv.BooksManager.Logic.csproj", "{693D6006-498F-4353-9CF8-7990860ECF72}"
EndProject
Project("{FAE04EC0-301F-11D3-BF4B-00C04F79EFBC}") = "ppedv.BooksManager.Contracts", "ppedv.BooksManager.Contracts\ppedv.BooksManager.Contracts.csproj", "{C1E86DFD-1E93-4CC4-A93A-5DCF3EE9F5FB}"
EndProject
Project("{FAE04EC0-301F-11D3-BF4B-00C04F79EFBC}") = "ppedv.BooksManager.UI.TestConsole", "ppedv.BooksManager.UI.TestConsole\ppedv.BooksManager.UI.TestConsole.csproj", "{57726403-71ED-41C4-B751-358DFAF73FD6}"
EndProject
Project("{FAE04EC0-301F-11D3-BF4B-00C04F79EFBC}") = "ppedv.BooksManager.Logic.Tests", "ppedv.BooksManager.Logic.Tests\ppedv.BooksManager.Logic.Tests.csproj", "{CFFBA3B7-1E19-47B7-B292-34A033CE1EE8}"
EndProject
Global
	GlobalSection(SolutionConfigurationPlatforms) = preSolution
		Debug|Any CPU = Debug|Any CPU
		Release|Any CPU = Release|Any CPU
	EndGlobalSection
	GlobalSection(ProjectConfigurationPlatforms) = postSolution
		{4C48B393-4CA0-40AE-8ABC-ADF7D40B3645}.Debug|Any CPU.ActiveCfg = Debug|Any CPU
		{4C48B393-4CA0-40AE-8ABC-ADF7D40B3645}.Debug|Any CPU.Build.0 = Debug|Any CPU
		{4C48B393-4CA0-40AE-8ABC-ADF7D40B3645}.Release|Any CPU.ActiveCfg = Release|Any CPU
		{4C48B393-4CA0-40AE-8ABC-ADF7D40B3645}.Release|Any CPU.Build.0 = Release|Any CPU
		{4B0E360F-1F49-4E8D-886D-32200520A6DD}.Debug|Any CPU.ActiveCfg = Debug|Any CPU
		{4B0E360F-1F49-4E8D-886D-32200520A6DD}.Debug|Any CPU.Build.0 = Debug|Any CPU
		{4B0E360F-1F49-4E8D-886D-32200520A6DD}.Release|Any CPU.ActiveCfg = Release|Any CPU
		{4B0E360F-1F49-4E8D-886D-32200520A6DD}.Release|Any CPU.Build.0 = Release|Any CPU
		{E304CE1E-6966-4178-97F5-13810DDCC49D}.Debug|Any CPU.ActiveCfg = Debug|Any CPU
		{E304CE1E-6966-4178-97F5-13810DDCC49D}.Debug|Any CPU.Build.0 = Debug|Any CPU
		{E304CE1E-6966-4178-97F5-13810DDCC49D}.Release|Any CPU.ActiveCfg = Release|Any CPU
		{E304CE1E-6966-4178-97F5-13810DDCC49D}.Release|Any CPU.Build.0 = Release|Any CPU
		{693D6006-498F-4353-9CF8-7990860ECF72}.Debug|Any CPU.ActiveCfg = Debug|Any CPU
		{693D6006-498F-4353-9CF8-7990860ECF72}.Debug|Any CPU.Build.0 = Debug|Any CPU
		{693D6006-498F-4353-9CF8-7990860ECF72}.Release|Any CPU.ActiveCfg = Release|Any CPU
		{693D6006-498F-4353-9CF8-7990860ECF72}.Release|Any CPU.Build.0 = Release|Any CPU
		{C1E86DFD-1E93-4CC4-A93A-5DCF3EE9F5FB}.Debug|Any CPU.ActiveCfg = Debug|Any CPU
		{C1E86DFD-1E93-4CC4-A93A-5DCF3EE9F5FB}.Debug|Any CPU.Build.0 = Debug|Any CPU
		{C1E86DFD-1E93-4CC4-A93A-5DCF3EE9F5FB}.Release|Any CPU.ActiveCfg = Release|Any CPU
		{C1E86DFD-1E93-4CC4-A93A-5DCF3EE9F5FB}.Release|Any CPU.Build.0 = Release|Any CPU
		{57726403-71ED-41C4-B751-358DFAF73FD6}.Debug|Any CPU.ActiveCfg = Debug|Any CPU
		{57726403-71ED-41C4-B751-358DFAF73FD6}.Debug|Any CPU.Build.0 = Debug|Any CPU
		{57726403-71ED-41C4-B751-358DFAF73FD6}.Release|Any CPU.ActiveCfg = Release|Any CPU
		{57726403-71ED-41C4-B751-358DFAF73FD6}.Release|Any CPU.Build.0 = Release|Any CPU
		{CFFBA3B7-1E19-47B7-B292-34A033CE1EE8}.Debug|Any CPU.ActiveCfg = Debug|Any CPU
		{CFFBA3B7-1E19-47B7-B292-34A033CE1EE8}.Debug|Any CPU.Build.0 = Debug|Any CPU
		{CFFBA3B7-1E19-47B7-B292-34A033CE1EE8}.Release|Any CPU.ActiveCfg = Release|Any CPU
		{CFFBA3B7-1E19-47B7-B292-34A033CE1EE8}.Release|Any CPU.Build.0 = Release|Any CPU
	EndGlobalSection
	GlobalSection(SolutionProperties) = preSolution
		HideSolutionNode = FALSE
	EndGlobalSection
	GlobalSection(ExtensibilityGlobals) = postSolution
		SolutionGuid = {E79CE8E6-84AF-472F-98F4-5D26D8800F97}
	EndGlobalSection
EndGlobal
